
Microsoft Visual Studio Solution File, Format Version 12.00
# Visual Studio Version 16
VisualStudioVersion = 16.0.29418.71
MinimumVisualStudioVersion = 10.0.40219.1
Project("{9A19103F-16F7-4668-BE54-9A1E7A4F7556}") = "predavanje_2019_10_23", "predavanje_2019_10_23\predavanje_2019_10_23.csproj", "{B984E94C-792F-4D57-853F-3E31C31BF787}"
EndProject
Project("{9A19103F-16F7-4668-BE54-9A1E7A4F7556}") = "vjezbe_2019_10_26", "vjezbe_2019_10_26\vjezbe_2019_10_26.csproj", "{C2C237F1-B8ED-441B-8965-02E49A9A753D}"
EndProject
Project("{9A19103F-16F7-4668-BE54-9A1E7A4F7556}") = "predavanje_2019_10_30", "predavanje_2019_10_30\predavanje_2019_10_30.csproj", "{53690DDB-9BA2-4384-8B6E-88CF3D6C1A9A}"
EndProject
Project("{FAE04EC0-301F-11D3-BF4B-00C04F79EFBC}") = "predavanje_2019_10_30_wfa", "predavanje_2019_10_30_wfa\predavanje_2019_10_30_wfa.csproj", "{15D17645-F7F5-403E-950E-6F05A2D2D03A}"
EndProject
Project("{FAE04EC0-301F-11D3-BF4B-00C04F79EFBC}") = "vjezbe_2019_11_02", "vjezbe_2019_11_02\vjezbe_2019_11_02.csproj", "{78FBB50F-B558-4CF6-AA4B-26BBF040C45E}"
EndProject
Global
	GlobalSection(SolutionConfigurationPlatforms) = preSolution
		Debug|Any CPU = Debug|Any CPU
		Release|Any CPU = Release|Any CPU
	EndGlobalSection
	GlobalSection(ProjectConfigurationPlatforms) = postSolution
		{B984E94C-792F-4D57-853F-3E31C31BF787}.Debug|Any CPU.ActiveCfg = Debug|Any CPU
		{B984E94C-792F-4D57-853F-3E31C31BF787}.Debug|Any CPU.Build.0 = Debug|Any CPU
		{B984E94C-792F-4D57-853F-3E31C31BF787}.Release|Any CPU.ActiveCfg = Release|Any CPU
		{B984E94C-792F-4D57-853F-3E31C31BF787}.Release|Any CPU.Build.0 = Release|Any CPU
		{C2C237F1-B8ED-441B-8965-02E49A9A753D}.Debug|Any CPU.ActiveCfg = Debug|Any CPU
		{C2C237F1-B8ED-441B-8965-02E49A9A753D}.Debug|Any CPU.Build.0 = Debug|Any CPU
		{C2C237F1-B8ED-441B-8965-02E49A9A753D}.Release|Any CPU.ActiveCfg = Release|Any CPU
		{C2C237F1-B8ED-441B-8965-02E49A9A753D}.Release|Any CPU.Build.0 = Release|Any CPU
		{53690DDB-9BA2-4384-8B6E-88CF3D6C1A9A}.Debug|Any CPU.ActiveCfg = Debug|Any CPU
		{53690DDB-9BA2-4384-8B6E-88CF3D6C1A9A}.Debug|Any CPU.Build.0 = Debug|Any CPU
		{53690DDB-9BA2-4384-8B6E-88CF3D6C1A9A}.Release|Any CPU.ActiveCfg = Release|Any CPU
		{53690DDB-9BA2-4384-8B6E-88CF3D6C1A9A}.Release|Any CPU.Build.0 = Release|Any CPU
		{15D17645-F7F5-403E-950E-6F05A2D2D03A}.Debug|Any CPU.ActiveCfg = Debug|Any CPU
		{15D17645-F7F5-403E-950E-6F05A2D2D03A}.Debug|Any CPU.Build.0 = Debug|Any CPU
		{15D17645-F7F5-403E-950E-6F05A2D2D03A}.Release|Any CPU.ActiveCfg = Release|Any CPU
		{15D17645-F7F5-403E-950E-6F05A2D2D03A}.Release|Any CPU.Build.0 = Release|Any CPU
		{78FBB50F-B558-4CF6-AA4B-26BBF040C45E}.Debug|Any CPU.ActiveCfg = Debug|Any CPU
		{78FBB50F-B558-4CF6-AA4B-26BBF040C45E}.Debug|Any CPU.Build.0 = Debug|Any CPU
		{78FBB50F-B558-4CF6-AA4B-26BBF040C45E}.Release|Any CPU.ActiveCfg = Release|Any CPU
		{78FBB50F-B558-4CF6-AA4B-26BBF040C45E}.Release|Any CPU.Build.0 = Release|Any CPU
	EndGlobalSection
	GlobalSection(SolutionProperties) = preSolution
		HideSolutionNode = FALSE
	EndGlobalSection
	GlobalSection(ExtensibilityGlobals) = postSolution
		SolutionGuid = {FF1BDD1A-49A0-44F6-93C4-C597CC273140}
	EndGlobalSection
EndGlobal
